github.com/spf13/pflag v1.0.6-0.20201009195203-85dd5c8bc61c h1:zqmyTlQyufRC65JnImJ6H1Sf7BDj8bG31EV919NVEQc=
github.com/spf13/pflag v1.0.6-0.20201009195203-85dd5c8bc61c/go.mod h1:McXfInJRrz4CZXVZOBLb0bTZqETkiAhM9Iw0y3An2Bg=
github.com/yuin/goldmark v1.2.1 h1:ruQGxdhGHe7FWOJPT0mKs5+pD2Xs1Bm/kdGlHO04FmM=
github.com/yuin/goldmark v1.2.1/go.mod h1:3hX8gzYuyVAZsxl0MRgGTJEmQBFcNTphYh9decYSb74=
github.com/yuin/goldmark v1.3.5 h1:dPmz1Snjq0kmkz159iL7S6WzdahUTHnHB5M56WFVifs=
github.com/yuin/goldmark v1.3.5/go.mod h1:mwnBkeHKe2W/ZEtQ+71ViKU8L12m81fl3OWwC1Zlc8k=
